
Microsoft Visual Studio Solution File, Format Version 12.00
Project("{FAE04EC0-301F-11D3-BF4B-00C04F79EFBC}") = "Backend", "Backend\Backend.csproj", "{EA52C05E-6572-480E-B099-142E2CAEAD0F}"
EndProject
Global
	GlobalSection(SolutionConfigurationPlatforms) = preSolution
		Debug|Any CPU = Debug|Any CPU
		Release|Any CPU = Release|Any CPU
	EndGlobalSection
	GlobalSection(ProjectConfigurationPlatforms) = postSolution
		{EA52C05E-6572-480E-B099-142E2CAEAD0F}.Debug|Any CPU.ActiveCfg = Debug|Any CPU
		{EA52C05E-6572-480E-B099-142E2CAEAD0F}.Debug|Any CPU.Build.0 = Debug|Any CPU
		{EA52C05E-6572-480E-B099-142E2CAEAD0F}.Release|Any CPU.ActiveCfg = Release|Any CPU
		{EA52C05E-6572-480E-B099-142E2CAEAD0F}.Release|Any CPU.Build.0 = Release|Any CPU
	EndGlobalSection
EndGlobal
